
Microsoft Visual Studio Solution File, Format Version 12.00
# Visual Studio Version 16
VisualStudioVersion = 16.0.28803.202
MinimumVisualStudioVersion = 10.0.40219.1
Project("{FAE04EC0-301F-11D3-BF4B-00C04F79EFBC}") = "HotelRoomIV", "HotelRoomIV\HotelRoomIV.csproj", "{E24E3FAB-391D-4115-B69A-F96AE0D775C1}"
EndProject
Global
	GlobalSection(SolutionConfigurationPlatforms) = preSolution
		Debug|Any CPU = Debug|Any CPU
		Release|Any CPU = Release|Any CPU
	EndGlobalSection
	GlobalSection(ProjectConfigurationPlatforms) = postSolution
		{E24E3FAB-391D-4115-B69A-F96AE0D775C1}.Debug|Any CPU.ActiveCfg = Release|Any CPU
		{E24E3FAB-391D-4115-B69A-F96AE0D775C1}.Debug|Any CPU.Build.0 = Release|Any CPU
		{E24E3FAB-391D-4115-B69A-F96AE0D775C1}.Release|Any CPU.ActiveCfg = Release|Any CPU
		{E24E3FAB-391D-4115-B69A-F96AE0D775C1}.Release|Any CPU.Build.0 = Release|Any CPU
	EndGlobalSection
	GlobalSection(SolutionProperties) = preSolution
		HideSolutionNode = FALSE
	EndGlobalSection
	GlobalSection(ExtensibilityGlobals) = postSolution
		SolutionGuid = {23B1DF5B-8E64-40A0-B50A-C23EF9E6AF5C}
	EndGlobalSection
EndGlobal
